
Microsoft Visual Studio Solution File, Format Version 12.00
# Visual Studio Version 17
VisualStudioVersion = 17.9.34728.123
MinimumVisualStudioVersion = 10.0.40219.1
Project("{FAE04EC0-301F-11D3-BF4B-00C04F79EFBC}") = "BPMCase.Entities", "BPMCase.Entities\BPMCase.Entities.csproj", "{9F7ED322-A11B-4768-BB55-8B08051A1559}"
EndProject
Project("{FAE04EC0-301F-11D3-BF4B-00C04F79EFBC}") = "BPMCase.Core", "BPMCase.Core\BPMCase.Core.csproj", "{9829E005-D6DD-489F-8935-666740059163}"
EndProject
Project("{FAE04EC0-301F-11D3-BF4B-00C04F79EFBC}") = "BPMCase.DataAccess", "BPMCase.DataAccess\BPMCase.DataAccess.csproj", "{7F48B870-A2C2-42E3-BACB-05F8B0E9807E}"
EndProject
Project("{FAE04EC0-301F-11D3-BF4B-00C04F79EFBC}") = "BPMCase", "BPMCase\BPMCase.csproj", "{73FEA0DA-F3B3-4E90-BC57-CFB2014EABAE}"
EndProject
Project("{FAE04EC0-301F-11D3-BF4B-00C04F79EFBC}") = "BPMCase.Services", "BPMCase.Services\BPMCase.Services.csproj", "{CF9EAAB6-DB2D-4A6B-8899-92B51D35F973}"
EndProject
Global
	GlobalSection(SolutionConfigurationPlatforms) = preSolution
		Debug|Any CPU = Debug|Any CPU
		Release|Any CPU = Release|Any CPU
	EndGlobalSection
	GlobalSection(ProjectConfigurationPlatforms) = postSolution
		{9F7ED322-A11B-4768-BB55-8B08051A1559}.Debug|Any CPU.ActiveCfg = Debug|Any CPU
		{9F7ED322-A11B-4768-BB55-8B08051A1559}.Debug|Any CPU.Build.0 = Debug|Any CPU
		{9F7ED322-A11B-4768-BB55-8B08051A1559}.Release|Any CPU.ActiveCfg = Release|Any CPU
		{9F7ED322-A11B-4768-BB55-8B08051A1559}.Release|Any CPU.Build.0 = Release|Any CPU
		{9829E005-D6DD-489F-8935-666740059163}.Debug|Any CPU.ActiveCfg = Debug|Any CPU
		{9829E005-D6DD-489F-8935-666740059163}.Debug|Any CPU.Build.0 = Debug|Any CPU
		{9829E005-D6DD-489F-8935-666740059163}.Release|Any CPU.ActiveCfg = Release|Any CPU
		{9829E005-D6DD-489F-8935-666740059163}.Release|Any CPU.Build.0 = Release|Any CPU
		{7F48B870-A2C2-42E3-BACB-05F8B0E9807E}.Debug|Any CPU.ActiveCfg = Debug|Any CPU
		{7F48B870-A2C2-42E3-BACB-05F8B0E9807E}.Debug|Any CPU.Build.0 = Debug|Any CPU
		{7F48B870-A2C2-42E3-BACB-05F8B0E9807E}.Release|Any CPU.ActiveCfg = Release|Any CPU
		{7F48B870-A2C2-42E3-BACB-05F8B0E9807E}.Release|Any CPU.Build.0 = Release|Any CPU
		{73FEA0DA-F3B3-4E90-BC57-CFB2014EABAE}.Debug|Any CPU.ActiveCfg = Debug|Any CPU
		{73FEA0DA-F3B3-4E90-BC57-CFB2014EABAE}.Debug|Any CPU.Build.0 = Debug|Any CPU
		{73FEA0DA-F3B3-4E90-BC57-CFB2014EABAE}.Release|Any CPU.ActiveCfg = Release|Any CPU
		{73FEA0DA-F3B3-4E90-BC57-CFB2014EABAE}.Release|Any CPU.Build.0 = Release|Any CPU
		{CF9EAAB6-DB2D-4A6B-8899-92B51D35F973}.Debug|Any CPU.ActiveCfg = Debug|Any CPU
		{CF9EAAB6-DB2D-4A6B-8899-92B51D35F973}.Debug|Any CPU.Build.0 = Debug|Any CPU
		{CF9EAAB6-DB2D-4A6B-8899-92B51D35F973}.Release|Any CPU.ActiveCfg = Release|Any CPU
		{CF9EAAB6-DB2D-4A6B-8899-92B51D35F973}.Release|Any CPU.Build.0 = Release|Any CPU
	EndGlobalSection
	GlobalSection(SolutionProperties) = preSolution
		HideSolutionNode = FALSE
	EndGlobalSection
	GlobalSection(ExtensibilityGlobals) = postSolution
		SolutionGuid = {7FD86FE4-868A-4FE9-9727-6EA717A44007}
	EndGlobalSection
EndGlobal
